<?xml version="1.0" encoding="utf-8"?>
<Project ToolsVersion="4.0" xmlns="http://schemas.microsoft.com/developer/msbuild/2003">
  <ItemGroup>
    <Filter Include="Source Files">
      <UniqueIdentifier>{4FC737F1-C7A5-4376-A066-2A32D752A2FF}</UniqueIdentifier>
      <Extensions>cpp;c;cc;cxx;c++;cppm;ixx;def;odl;idl;hpj;bat;asm;asmx</Extensions>
    </Filter>
    <Filter Include="Header Files">
      <UniqueIdentifier>{93995380-89BD-4b04-88EB-625FBE52EBFB}</UniqueIdentifier>
      <Extensions>h;hh;hpp;hxx;h++;hm;inl;inc;ipp;xsd</Extensions>
    </Filter>
    <Filter Include="Resource Files">
      <UniqueIdentifier>{67DA6AB6-F800-4c08-8B7A-83BB121AAD01}</UniqueIdentifier>
      <Extensions>rc;ico;cur;bmp;dlg;rc2;rct;bin;rgs;gif;jpg;jpeg;jpe;resx;tiff;tif;png;wav;mfcribbon-ms</Extensions>
    </Filter>
  </ItemGroup>
  <ItemGroup>
    <ClCompile Include="dllmain.cpp">
      <Filter>Source Files</Filter>
    </ClCompile>
    <ClCompile Include="main\utils\utils.cpp">
      <Filter>Source Files</Filter>
    </ClCompile>
    <ClCompile Include="main\logger\logger.cpp">
      <Filter>Source Files</Filter>
    </ClCompile>
    <ClCompile Include="libs\imgui\imgui.cpp">
      <Filter>Source Files</Filter>
    </ClCompile>
    <ClCompile Include="libs\imgui\imgui_demo.cpp">
      <Filter>Source Files</Filter>
    </ClCompile>
    <ClCompile Include="libs\imgui\imgui_draw.cpp">
      <Filter>Source Files</Filter>
    </ClCompile>
    <ClCompile Include="libs\imgui\imgui_impl_dx11.cpp">
      <Filter>Source Files</Filter>
    </ClCompile>
    <ClCompile Include="libs\imgui\imgui_impl_win32.cpp">
      <Filter>Source Files</Filter>
    </ClCompile>
    <ClCompile Include="libs\imgui\imgui_tables.cpp">
      <Filter>Source Files</Filter>
    </ClCompile>
    <ClCompile Include="libs\imgui\imgui_widgets.cpp">
      <Filter>Source Files</Filter>
    </ClCompile>
    <ClCompile Include="main\menu\menu.cpp">
      <Filter>Source Files</Filter>
    </ClCompile>
    <ClCompile Include="main\menu\renderer.cpp">
      <Filter>Source Files</Filter>
    </ClCompile>
    <ClCompile Include="main\features\feats\watermark\watermark.cpp">
      <Filter>Source Files</Filter>
    </ClCompile>
    <ClCompile Include="main\features\features.cpp">
      <Filter>Source Files</Filter>
    </ClCompile>
    <ClCompile Include="main\hooking\hooks\Present.cpp">
      <Filter>Source Files</Filter>
    </ClCompile>
    <ClCompile Include="main\hooking\hooks\WndProc.cpp">
      <Filter>Source Files</Filter>
    </ClCompile>
    <ClCompile Include="main\hooking\hooking.cpp">
      <Filter>Source Files</Filter>
    </ClCompile>
    <ClCompile Include="main\config\config.cpp">
      <Filter>Source Files</Filter>
    </ClCompile>
    <ClCompile Include="libs\imgui\imgui_impl_dx12.cpp">
      <Filter>Source Files</Filter>
    </ClCompile>
    <ClCompile Include="main\features\feats\playeresp\playeresp.cpp">
      <Filter>Source Files</Filter>
    </ClCompile>
    <ClCompile Include="main\features\feats\decoyesp\decoyesp.cpp">
      <Filter>Source Files</Filter>
    </ClCompile>
    <ClCompile Include="main\features\feats\fovchanger\fovchanger.cpp">
      <Filter>Source Files</Filter>
    </ClCompile>
    <ClCompile Include="main\features\feats\setname\setname.cpp">
      <Filter>Source Files</Filter>
    </ClCompile>
    <ClCompile Include="main\hooking\hooks\ProcessEvent.cpp">
      <Filter>Source Files</Filter>
    </ClCompile>
    <ClCompile Include="main\features\feats\alwvisible\alwvisible.cpp">
      <Filter>Source Files</Filter>
    </ClCompile>
    <ClCompile Include="main\sdk\SDK\Basic.cpp">
      <Filter>Source Files</Filter>
    </ClCompile>
    <ClCompile Include="main\sdk\SDK\BP_FirstPersonCharacter_cLeon_Character_Hunter_functions.cpp">
      <Filter>Source Files</Filter>
    </ClCompile>
    <ClCompile Include="main\sdk\SDK\BP_FirstPersonCharacter_cLeon_Character_functions.cpp">
      <Filter>Source Files</Filter>
    </ClCompile>
    <ClCompile Include="main\sdk\SDK\BP_FirstPersonPlayerState_Online_cLeon_functions.cpp">
      <Filter>Source Files</Filter>
    </ClCompile>
    <ClCompile Include="main\sdk\SDK\CoreUObject_functions.cpp">
      <Filter>Source Files</Filter>
    </ClCompile>
    <ClCompile Include="main\sdk\SDK\Engine_functions.cpp">
      <Filter>Source Files</Filter>
    </ClCompile>
    <ClCompile Include="main\features\feats\autodisshadow\autodisshadow.cpp">
      <Filter>Source Files</Filter>
    </ClCompile>
    <ClCompile Include="main\features\feats\teleport\teleport.cpp">
      <Filter>Source Files</Filter>
    </ClCompile>
    <ClCompile Include="main\sdk\SDK\Mover_functions.cpp">
      <Filter>Source Files</Filter>
    </ClCompile>
    <ClCompile Include="main\sdk\SDK\MoverExamples_functions.cpp">
      <Filter>Source Files</Filter>
    </ClCompile>
    <ClCompile Include="main\features\feats\sprintmultiplier\sprintmultiplier.cpp">
      <Filter>Source Files</Filter>
    </ClCompile>
    <ClCompile Include="main\features\feats\nodetection\nodetection.cpp">
      <Filter>Source Files</Filter>
    </ClCompile>
  </ItemGroup>
  <ItemGroup>
    <ClInclude Include="Includes.h">
      <Filter>Header Files</Filter>
    </ClInclude>
    <ClInclude Include="Globals.h">
      <Filter>Header Files</Filter>
    </ClInclude>
    <ClInclude Include="main\utils\utils.h">
      <Filter>Header Files</Filter>
    </ClInclude>
    <ClInclude Include="main\logger\logger.h">
      <Filter>Header Files</Filter>
    </ClInclude>
    <ClInclude Include="libs\detours\include\detours.h">
      <Filter>Header Files</Filter>
    </ClInclude>
    <ClInclude Include="libs\detours\include\detver.h">
      <Filter>Header Files</Filter>
    </ClInclude>
    <ClInclude Include="libs\detours\include\syelog.h">
      <Filter>Header Files</Filter>
    </ClInclude>
    <ClInclude Include="libs\imgui\imconfig.h">
      <Filter>Header Files</Filter>
    </ClInclude>
    <ClInclude Include="libs\imgui\imgui.h">
      <Filter>Header Files</Filter>
    </ClInclude>
    <ClInclude Include="libs\imgui\imgui_impl_dx11.h">
      <Filter>Header Files</Filter>
    </ClInclude>
    <ClInclude Include="libs\imgui\imgui_impl_win32.h">
      <Filter>Header Files</Filter>
    </ClInclude>
    <ClInclude Include="libs\imgui\imgui_internal.h">
      <Filter>Header Files</Filter>
    </ClInclude>
    <ClInclude Include="libs\imgui\imstb_rectpack.h">
      <Filter>Header Files</Filter>
    </ClInclude>
    <ClInclude Include="libs\imgui\imstb_textedit.h">
      <Filter>Header Files</Filter>
    </ClInclude>
    <ClInclude Include="libs\imgui\imstb_truetype.h">
      <Filter>Header Files</Filter>
    </ClInclude>
    <ClInclude Include="libs\imgui\stb_image.h">
      <Filter>Header Files</Filter>
    </ClInclude>
    <ClInclude Include="libs\nlohmann\json.hpp">
      <Filter>Header Files</Filter>
    </ClInclude>
    <ClInclude Include="libs\nlohmann\json_fwd.hpp">
      <Filter>Header Files</Filter>
    </ClInclude>
    <ClInclude Include="main\menu\menu.h">
      <Filter>Header Files</Filter>
    </ClInclude>
    <ClInclude Include="main\menu\renderer.h">
      <Filter>Header Files</Filter>
    </ClInclude>
    <ClInclude Include="main\menu\styles.h">
      <Filter>Header Files</Filter>
    </ClInclude>
    <ClInclude Include="main\features\feats\watermark\watermark.h">
      <Filter>Header Files</Filter>
    </ClInclude>
    <ClInclude Include="main\features\features.h">
      <Filter>Header Files</Filter>
    </ClInclude>
    <ClInclude Include="main\features\features_includes.h">
      <Filter>Header Files</Filter>
    </ClInclude>
    <ClInclude Include="main\features\settings.h">
      <Filter>Header Files</Filter>
    </ClInclude>
    <ClInclude Include="main\hooking\hooking.h">
      <Filter>Header Files</Filter>
    </ClInclude>
    <ClInclude Include="main\hooking\hooks.h">
      <Filter>Header Files</Filter>
    </ClInclude>
    <ClInclude Include="main\config\config.h">
      <Filter>Header Files</Filter>
    </ClInclude>
    <ClInclude Include="main\utils\notifications.h">
      <Filter>Header Files</Filter>
    </ClInclude>
    <ClInclude Include="libs\imgui\imgui_impl_dx12.h">
      <Filter>Header Files</Filter>
    </ClInclude>
    <ClInclude Include="main\features\feats\playeresp\playeresp.h">
      <Filter>Header Files</Filter>
    </ClInclude>
    <ClInclude Include="main\features\feats\decoyesp\decoyesp.h">
      <Filter>Header Files</Filter>
    </ClInclude>
    <ClInclude Include="main\features\feats\fovchanger\fovchanger.h">
      <Filter>Header Files</Filter>
    </ClInclude>
    <ClInclude Include="main\features\feats\setname\setname.h">
      <Filter>Header Files</Filter>
    </ClInclude>
    <ClInclude Include="main\features\feats\alwvisible\alwvisible.h">
      <Filter>Header Files</Filter>
    </ClInclude>
    <ClInclude Include="main\features\feats\autodisshadow\autodisshadow.h">
      <Filter>Header Files</Filter>
    </ClInclude>
    <ClInclude Include="main\features\feats\teleport\teleport.h">
      <Filter>Header Files</Filter>
    </ClInclude>
    <ClInclude Include="main\menu\widgets\HostOnly.h">
      <Filter>Header Files</Filter>
    </ClInclude>
    <ClInclude Include="main\features\feats\sprintmultiplier\sprintmultiplier.h">
      <Filter>Header Files</Filter>
    </ClInclude>
    <ClInclude Include="main\features\feats\nodetection\nodetection.h">
      <Filter>Header Files</Filter>
    </ClInclude>
  </ItemGroup>
</Project>